
Microsoft Visual Studio Solution File, Format Version 12.00
# Visual Studio Version 16
VisualStudioVersion = 16.0.30611.23
MinimumVisualStudioVersion = 10.0.40219.1
Project("{FAE04EC0-301F-11D3-BF4B-00C04F79EFBC}") = "PharmacyMedicineSupplyPortal", "PharmacyMedicineSupplyPortal.csproj", "{CD0A18EA-F379-4E3F-B6B1-1DFF4C9E21D4}"
EndProject
Global
	GlobalSection(SolutionConfigurationPlatforms) = preSolution
		Debug|Any CPU = Debug|Any CPU
		Release|Any CPU = Release|Any CPU
	EndGlobalSection
	GlobalSection(ProjectConfigurationPlatforms) = postSolution
		{CD0A18EA-F379-4E3F-B6B1-1DFF4C9E21D4}.Debug|Any CPU.ActiveCfg = Debug|Any CPU
		{CD0A18EA-F379-4E3F-B6B1-1DFF4C9E21D4}.Debug|Any CPU.Build.0 = Debug|Any CPU
		{CD0A18EA-F379-4E3F-B6B1-1DFF4C9E21D4}.Release|Any CPU.ActiveCfg = Release|Any CPU
		{CD0A18EA-F379-4E3F-B6B1-1DFF4C9E21D4}.Release|Any CPU.Build.0 = Release|Any CPU
	EndGlobalSection
	GlobalSection(SolutionProperties) = preSolution
		HideSolutionNode = FALSE
	EndGlobalSection
	GlobalSection(ExtensibilityGlobals) = postSolution
		SolutionGuid = {26623BF0-714B-4270-844D-79A440622D6B}
	EndGlobalSection
EndGlobal
